
Microsoft Visual Studio Solution File, Format Version 12.00
# Visual Studio Version 17
VisualStudioVersion = 17.8.34511.84
MinimumVisualStudioVersion = 10.0.40219.1
Project("{2150E333-8FDC-42A3-9474-1A3956D46DE8}") = "Core", "Core", "{C1EF9D20-6582-41E0-9796-FFD3F395A9F9}"
EndProject
Project("{2150E333-8FDC-42A3-9474-1A3956D46DE8}") = "Infrastructure", "Infrastructure", "{36E9BE62-54B4-4821-BA3C-B714F2400789}"
EndProject
Project("{2150E333-8FDC-42A3-9474-1A3956D46DE8}") = "Presentation", "Presentation", "{39925586-A0D3-4CEC-A6C5-4C5AF641E8DF}"
EndProject
Project("{2150E333-8FDC-42A3-9474-1A3956D46DE8}") = "Test", "Test", "{BD648CC2-39A0-4C5D-9C99-9DD49E8430F2}"
EndProject
Project("{9A19103F-16F7-4668-BE54-9A1E7A4F7556}") = "TaskPaya_Back.WebAPI", "TaskPaya_Back.WebAPI\TaskPaya_Back.WebAPI.csproj", "{E3BC5E2E-8A25-438B-A369-AD966218F9ED}"
	ProjectSection(ProjectDependencies) = postProject
		{3F45F198-03E5-45F6-BA2D-DF2613C8F040} = {3F45F198-03E5-45F6-BA2D-DF2613C8F040}
		{E20CA128-7E16-4380-A0D7-9FD8983B0D72} = {E20CA128-7E16-4380-A0D7-9FD8983B0D72}
		{E296EF2B-7482-4A30-BB82-059B8CAAF07A} = {E296EF2B-7482-4A30-BB82-059B8CAAF07A}
	EndProjectSection
EndProject
Project("{2150E333-8FDC-42A3-9474-1A3956D46DE8}") = "Domain", "Domain", "{8ED4366F-1D46-42C3-8D8C-050D7273AE47}"
EndProject
Project("{9A19103F-16F7-4668-BE54-9A1E7A4F7556}") = "TaskPaya_Back.Application", "TaskPaya_Back.Application\TaskPaya_Back.Application.csproj", "{3F45F198-03E5-45F6-BA2D-DF2613C8F040}"
	ProjectSection(ProjectDependencies) = postProject
		{E296EF2B-7482-4A30-BB82-059B8CAAF07A} = {E296EF2B-7482-4A30-BB82-059B8CAAF07A}
	EndProjectSection
EndProject
Project("{9A19103F-16F7-4668-BE54-9A1E7A4F7556}") = "TaskPaya_Back.Persistence", "TaskPaya_Back.Persistence\TaskPaya_Back.Persistence.csproj", "{E20CA128-7E16-4380-A0D7-9FD8983B0D72}"
	ProjectSection(ProjectDependencies) = postProject
		{3F45F198-03E5-45F6-BA2D-DF2613C8F040} = {3F45F198-03E5-45F6-BA2D-DF2613C8F040}
	EndProjectSection
EndProject
Project("{9A19103F-16F7-4668-BE54-9A1E7A4F7556}") = "TaskPaya_Back.Domain", "TaskPaya_Back.Domain\TaskPaya_Back.Domain.csproj", "{E296EF2B-7482-4A30-BB82-059B8CAAF07A}"
EndProject
Project("{FAE04EC0-301F-11D3-BF4B-00C04F79EFBC}") = "TaskPaya_Back.UnitTest", "TaskPaya_Back.UnitTest\TaskPaya_Back.UnitTest.csproj", "{C319B7F1-721B-4C29-9929-B408AA19F688}"
EndProject
Global
	GlobalSection(SolutionConfigurationPlatforms) = preSolution
		Debug|Any CPU = Debug|Any CPU
		Release|Any CPU = Release|Any CPU
	EndGlobalSection
	GlobalSection(ProjectConfigurationPlatforms) = postSolution
		{E3BC5E2E-8A25-438B-A369-AD966218F9ED}.Debug|Any CPU.ActiveCfg = Debug|Any CPU
		{E3BC5E2E-8A25-438B-A369-AD966218F9ED}.Debug|Any CPU.Build.0 = Debug|Any CPU
		{E3BC5E2E-8A25-438B-A369-AD966218F9ED}.Release|Any CPU.ActiveCfg = Release|Any CPU
		{E3BC5E2E-8A25-438B-A369-AD966218F9ED}.Release|Any CPU.Build.0 = Release|Any CPU
		{3F45F198-03E5-45F6-BA2D-DF2613C8F040}.Debug|Any CPU.ActiveCfg = Debug|Any CPU
		{3F45F198-03E5-45F6-BA2D-DF2613C8F040}.Debug|Any CPU.Build.0 = Debug|Any CPU
		{3F45F198-03E5-45F6-BA2D-DF2613C8F040}.Release|Any CPU.ActiveCfg = Release|Any CPU
		{3F45F198-03E5-45F6-BA2D-DF2613C8F040}.Release|Any CPU.Build.0 = Release|Any CPU
		{E20CA128-7E16-4380-A0D7-9FD8983B0D72}.Debug|Any CPU.ActiveCfg = Debug|Any CPU
		{E20CA128-7E16-4380-A0D7-9FD8983B0D72}.Debug|Any CPU.Build.0 = Debug|Any CPU
		{E20CA128-7E16-4380-A0D7-9FD8983B0D72}.Release|Any CPU.ActiveCfg = Release|Any CPU
		{E20CA128-7E16-4380-A0D7-9FD8983B0D72}.Release|Any CPU.Build.0 = Release|Any CPU
		{E296EF2B-7482-4A30-BB82-059B8CAAF07A}.Debug|Any CPU.ActiveCfg = Debug|Any CPU
		{E296EF2B-7482-4A30-BB82-059B8CAAF07A}.Debug|Any CPU.Build.0 = Debug|Any CPU
		{E296EF2B-7482-4A30-BB82-059B8CAAF07A}.Release|Any CPU.ActiveCfg = Release|Any CPU
		{E296EF2B-7482-4A30-BB82-059B8CAAF07A}.Release|Any CPU.Build.0 = Release|Any CPU
		{C319B7F1-721B-4C29-9929-B408AA19F688}.Debug|Any CPU.ActiveCfg = Debug|Any CPU
		{C319B7F1-721B-4C29-9929-B408AA19F688}.Debug|Any CPU.Build.0 = Debug|Any CPU
		{C319B7F1-721B-4C29-9929-B408AA19F688}.Release|Any CPU.ActiveCfg = Release|Any CPU
		{C319B7F1-721B-4C29-9929-B408AA19F688}.Release|Any CPU.Build.0 = Release|Any CPU
	EndGlobalSection
	GlobalSection(SolutionProperties) = preSolution
		HideSolutionNode = FALSE
	EndGlobalSection
	GlobalSection(NestedProjects) = preSolution
		{E3BC5E2E-8A25-438B-A369-AD966218F9ED} = {39925586-A0D3-4CEC-A6C5-4C5AF641E8DF}
		{3F45F198-03E5-45F6-BA2D-DF2613C8F040} = {C1EF9D20-6582-41E0-9796-FFD3F395A9F9}
		{E20CA128-7E16-4380-A0D7-9FD8983B0D72} = {36E9BE62-54B4-4821-BA3C-B714F2400789}
		{E296EF2B-7482-4A30-BB82-059B8CAAF07A} = {8ED4366F-1D46-42C3-8D8C-050D7273AE47}
		{C319B7F1-721B-4C29-9929-B408AA19F688} = {BD648CC2-39A0-4C5D-9C99-9DD49E8430F2}
	EndGlobalSection
	GlobalSection(ExtensibilityGlobals) = postSolution
		SolutionGuid = {9FFCB642-AC3C-427F-BC7C-5767CDECF568}
	EndGlobalSection
EndGlobal
